// !$*UTF8*$!
{
	archiveVersion = 1;
	classes = {
	};
	objectVersion = 56;
	objects = {

/* Begin PBXBuildFile section */
		1B6EA7202AD3E66C0082344C /* maiappApp.swift in Sources */ = {isa = PBXBuildFile; fileRef = 1B6EA71F2AD3E66C0082344C /* maiappApp.swift */; };
		1B6EA7222AD3E66C0082344C /* ContentView.swift in Sources */ = {isa = PBXBuildFile; fileRef = 1B6EA7212AD3E66C0082344C /* ContentView.swift */; };
		1B6EA7242AD3E66E0082344C /* Assets.xcassets in Resources */ = {isa = PBXBuildFile; fileRef = 1B6EA7232AD3E66E0082344C /* Assets.xcassets */; };
		1B6EA7272AD3E66E0082344C /* Preview Assets.xcassets in Resources */ = {isa = PBXBuildFile; fileRef = 1B6EA7262AD3E66E0082344C /* Preview Assets.xcassets */; };
		1B6EA7312AD3E66E0082344C /* maiappTests.swift in Sources */ = {isa = PBXBuildFile; fileRef = 1B6EA7302AD3E66E0082344C /* maiappTests.swift */; };
		1B6EA73B2AD3E66E0082344C /* maiappUITests.swift in Sources */ = {isa = PBXBuildFile; fileRef = 1B6EA73A2AD3E66E0082344C /* maiappUITests.swift */; };
		1B6EA73D2AD3E66E0082344C /* maiappUITestsLaunchTests.swift in Sources */ = {isa = PBXBuildFile; fileRef = 1B6EA73C2AD3E66E0082344C /* maiappUITestsLaunchTests.swift */; };
/* End PBXBuildFile section */

/* Begin PBXContainerItemProxy section */
		1B6EA72D2AD3E66E0082344C /* PBXContainerItemProxy */ = {
			isa = PBXContainerItemProxy;
			containerPortal = 1B6EA7142AD3E66C0082344C /* Project object */;
			proxyType = 1;
			remoteGlobalIDString = 1B6EA71B2AD3E66C0082344C;
			remoteInfo = maiapp;
		};
		1B6EA7372AD3E66E0082344C /* PBXContainerItemProxy */ = {
			isa = PBXContainerItemProxy;
			containerPortal = 1B6EA7142AD3E66C0082344C /* Project object */;
			proxyType = 1;
			remoteGlobalIDString = 1B6EA71B2AD3E66C0082344C;
			remoteInfo = maiapp;
		};
/* End PBXContainerItemProxy section */

/* Begin PBXFileReference section */
		1B6EA71C2AD3E66C0082344C /* maiapp.app */ = {isa = PBXFileReference; explicitFileType = wrapper.application; includeInIndex = 0; path = maiapp.app; sourceTree = BUILT_PRODUCTS_DIR; };
		1B6EA71F2AD3E66C0082344C /* maiappApp.swift */ = {isa = PBXFileReference; lastKnownFileType = sourcecode.swift; path = maiappApp.swift; sourceTree = "<group>"; };
		1B6EA7212AD3E66C0082344C /* ContentView.swift */ = {isa = PBXFileReference; lastKnownFileType = sourcecode.swift; path = ContentView.swift; sourceTree = "<group>"; };
		1B6EA7232AD3E66E0082344C /* Assets.xcassets */ = {isa = PBXFileReference; lastKnownFileType = folder.assetcatalog; path = Assets.xcassets; sourceTree = "<group>"; };
		1B6EA7262AD3E66E0082344C /* Preview Assets.xcassets */ = {isa = PBXFileReference; lastKnownFileType = folder.assetcatalog; path = "Preview Assets.xcassets"; sourceTree = "<group>"; };
		1B6EA72C2AD3E66E0082344C /* maiappTests.xctest */ = {isa = PBXFileReference; explicitFileType = wrapper.cfbundle; includeInIndex = 0; path = maiappTests.xctest; sourceTree = BUILT_PRODUCTS_DIR; };
		1B6EA7302AD3E66E0082344C /* maiappTests.swift */ = {isa = PBXFileReference; lastKnownFileType = sourcecode.swift; path = maiappTests.swift; sourceTree = "<group>"; };
		1B6EA7362AD3E66E0082344C /* maiappUITests.xctest */ = {isa = PBXFileReference; explicitFileType = wrapper.cfbundle; includeInIndex = 0; path = maiappUITests.xctest; sourceTree = BUILT_PRODUCTS_DIR; };
		1B6EA73A2AD3E66E0082344C /* maiappUITests.swift */ = {isa = PBXFileReference; lastKnownFileType = sourcecode.swift; path = maiappUITests.swift; sourceTree = "<group>"; };
		1B6EA73C2AD3E66E0082344C /* maiappUITestsLaunchTests.swift */ = {isa = PBXFileReference; lastKnownFileType = sourcecode.swift; path = maiappUITestsLaunchTests.swift; sourceTree = "<group>"; };
/* End PBXFileReference section */

/* Begin PBXFrameworksBuildPhase section */
		1B6EA7192AD3E66C0082344C /* Frameworks */ = {
			isa = PBXFrameworksBuildPhase;
			buildActionMask = 2147483647;
			files = (
			);
			runOnlyForDeploymentPostprocessing = 0;
		};
		1B6EA7292AD3E66E0082344C /* Frameworks */ = {
			isa = PBXFrameworksBuildPhase;
			buildActionMask = 2147483647;
			files = (
			);
			runOnlyForDeploymentPostprocessing = 0;
		};
		1B6EA7332AD3E66E0082344C /* Frameworks */ = {
			isa = PBXFrameworksBuildPhase;
			buildActionMask = 2147483647;
			files = (
			);
			runOnlyForDeploymentPostprocessing = 0;
		};
/* End PBXFrameworksBuildPhase section */

/* Begin PBXGroup section */
		1B6EA7132AD3E66C0082344C = {
			isa = PBXGroup;
			children = (
				1B6EA71E2AD3E66C0082344C /* maiapp */,
				1B6EA72F2AD3E66E0082344C /* maiappTests */,
				1B6EA7392AD3E66E0082344C /* maiappUITests */,
				1B6EA71D2AD3E66C0082344C /* Products */,
			);
			sourceTree = "<group>";
		};
		1B6EA71D2AD3E66C0082344C /* Products */ = {
			isa = PBXGroup;
			children = (
				1B6EA71C2AD3E66C0082344C /* maiapp.app */,
				1B6EA72C2AD3E66E0082344C /* maiappTests.xctest */,
				1B6EA7362AD3E66E0082344C /* maiappUITests.xctest */,
			);
			name = Products;
			sourceTree = "<group>";
		};
		1B6EA71E2AD3E66C0082344C /* maiapp */ = {
			isa = PBXGroup;
			children = (
				1B6EA71F2AD3E66C0082344C /* maiappApp.swift */,
				1B6EA7212AD3E66C0082344C /* ContentView.swift */,
				1B6EA7232AD3E66E0082344C /* Assets.xcassets */,
				1B6EA7252AD3E66E0082344C /* Preview Content */,
			);
			path = maiapp;
			sourceTree = "<group>";
		};
		1B6EA7252AD3E66E0082344C /* Preview Content */ = {
			isa = PBXGroup;
			children = (
				1B6EA7262AD3E66E0082344C /* Preview Assets.xcassets */,
			);
			path = "Preview Content";
			sourceTree = "<group>";
		};
		1B6EA72F2AD3E66E0082344C /* maiappTests */ = {
			isa = PBXGroup;
			children = (
				1B6EA7302AD3E66E0082344C /* maiappTests.swift */,
			);
			path = maiappTests;
			sourceTree = "<group>";
		};
		1B6EA7392AD3E66E0082344C /* maiappUITests */ = {
			isa = PBXGroup;
			children = (
				1B6EA73A2AD3E66E0082344C /* maiappUITests.swift */,
				1B6EA73C2AD3E66E0082344C /* maiappUITestsLaunchTests.swift */,
			);
			path = maiappUITests;
			sourceTree = "<group>";
		};
/* End PBXGroup section */

/* Begin PBXNativeTarget section */
		1B6EA71B2AD3E66C0082344C /* maiapp */ = {
			isa = PBXNativeTarget;
			buildConfigurationList = 1B6EA7402AD3E66E0082344C /* Build configuration list for PBXNativeTarget "maiapp" */;
			buildPhases = (
				1B6EA7182AD3E66C0082344C /* Sources */,
				1B6EA7192AD3E66C0082344C /* Frameworks */,
				1B6EA71A2AD3E66C0082344C /* Resources */,
			);
			buildRules = (
			);
			dependencies = (
			);
			name = maiapp;
			productName = maiapp;
			productReference = 1B6EA71C2AD3E66C0082344C /* maiapp.app */;
			productType = "com.apple.product-type.application";
		};
		1B6EA72B2AD3E66E0082344C /* maiappTests */ = {
			isa = PBXNativeTarget;
			buildConfigurationList = 1B6EA7432AD3E66E0082344C /* Build configuration list for PBXNativeTarget "maiappTests" */;
			buildPhases = (
				1B6EA7282AD3E66E0082344C /* Sources */,
				1B6EA7292AD3E66E0082344C /* Frameworks */,
				1B6EA72A2AD3E66E0082344C /* Resources */,
			);
			buildRules = (
			);
			dependencies = (
				1B6EA72E2AD3E66E0082344C /* PBXTargetDependency */,
			);
			name = maiappTests;
			productName = maiappTests;
			productReference = 1B6EA72C2AD3E66E0082344C /* maiappTests.xctest */;
			productType = "com.apple.product-type.bundle.unit-test";
		};
		1B6EA7352AD3E66E0082344C /* maiappUITests */ = {
			isa = PBXNativeTarget;
			buildConfigurationList = 1B6EA7462AD3E66E0082344C /* Build configuration list for PBXNativeTarget "maiappUITests" */;
			buildPhases = (
				1B6EA7322AD3E66E0082344C /* Sources */,
				1B6EA7332AD3E66E0082344C /* Frameworks */,
				1B6EA7342AD3E66E0082344C /* Resources */,
			);
			buildRules = (
			);
			dependencies = (
				1B6EA7382AD3E66E0082344C /* PBXTargetDependency */,
			);
			name = maiappUITests;
			productName = maiappUITests;
			productReference = 1B6EA7362AD3E66E0082344C /* maiappUITests.xctest */;
			productType = "com.apple.product-type.bundle.ui-testing";
		};
/* End PBXNativeTarget section */

/* Begin PBXProject section */
		1B6EA7142AD3E66C0082344C /* Project object */ = {
			isa = PBXProject;
			attributes = {
				BuildIndependentTargetsInParallel = 1;
				LastSwiftUpdateCheck = 1500;
				LastUpgradeCheck = 1500;
				TargetAttributes = {
					1B6EA71B2AD3E66C0082344C = {
						CreatedOnToolsVersion = 15.0;
					};
					1B6EA72B2AD3E66E0082344C = {
						CreatedOnToolsVersion = 15.0;
						TestTargetID = 1B6EA71B2AD3E66C0082344C;
					};
					1B6EA7352AD3E66E0082344C = {
						CreatedOnToolsVersion = 15.0;
						TestTargetID = 1B6EA71B2AD3E66C0082344C;
					};
				};
			};
			buildConfigurationList = 1B6EA7172AD3E66C0082344C /* Build configuration list for PBXProject "maiapp" */;
			compatibilityVersion = "Xcode 14.0";
			developmentRegion = en;
			hasScannedForEncodings = 0;
			knownRegions = (
				en,
				Base,
			);
			mainGroup = 1B6EA7132AD3E66C0082344C;
			productRefGroup = 1B6EA71D2AD3E66C0082344C /* Products */;
			projectDirPath = "";
			projectRoot = "";
			targets = (
				1B6EA71B2AD3E66C0082344C /* maiapp */,
				1B6EA72B2AD3E66E0082344C /* maiappTests */,
				1B6EA7352AD3E66E0082344C /* maiappUITests */,
			);
		};
/* End PBXProject section */

/* Begin PBXResourcesBuildPhase section */
		1B6EA71A2AD3E66C0082344C /* Resources */ = {
			isa = PBXResourcesBuildPhase;
			buildActionMask = 2147483647;
			files = (
				1B6EA7272AD3E66E0082344C /* Preview Assets.xcassets in Resources */,
				1B6EA7242AD3E66E0082344C /* Assets.xcassets in Resources */,
			);
			runOnlyForDeploymentPostprocessing = 0;
		};
		1B6EA72A2AD3E66E0082344C /* Resources */ = {
			isa = PBXResourcesBuildPhase;
			buildActionMask = 2147483647;
			files = (
			);
			runOnlyForDeploymentPostprocessing = 0;
		};
		1B6EA7342AD3E66E0082344C /* Resources */ = {
			isa = PBXResourcesBuildPhase;
			buildActionMask = 2147483647;
			files = (
			);
			runOnlyForDeploymentPostprocessing = 0;
		};
/* End PBXResourcesBuildPhase section */

/* Begin PBXSourcesBuildPhase section */
		1B6EA7182AD3E66C0082344C /* Sources */ = {
			isa = PBXSourcesBuildPhase;
			buildActionMask = 2147483647;
			files = (
				1B6EA7222AD3E66C0082344C /* ContentView.swift in Sources */,
				1B6EA7202AD3E66C0082344C /* maiappApp.swift in Sources */,
			);
			runOnlyForDeploymentPostprocessing = 0;
		};
		1B6EA7282AD3E66E0082344C /* Sources */ = {
			isa = PBXSourcesBuildPhase;
			buildActionMask = 2147483647;
			files = (
				1B6EA7312AD3E66E0082344C /* maiappTests.swift in Sources */,
			);
			runOnlyForDeploymentPostprocessing = 0;
		};
		1B6EA7322AD3E66E0082344C /* Sources */ = {
			isa = PBXSourcesBuildPhase;
			buildActionMask = 2147483647;
			files = (
				1B6EA73D2AD3E66E0082344C /* maiappUITestsLaunchTests.swift in Sources */,
				1B6EA73B2AD3E66E0082344C /* maiappUITests.swift in Sources */,
			);
			runOnlyForDeploymentPostprocessing = 0;
		};
/* End PBXSourcesBuildPhase section */

/* Begin PBXTargetDependency section */
		1B6EA72E2AD3E66E0082344C /* PBXTargetDependency */ = {
			isa = PBXTargetDependency;
			target = 1B6EA71B2AD3E66C0082344C /* maiapp */;
			targetProxy = 1B6EA72D2AD3E66E0082344C /* PBXContainerItemProxy */;
		};
		1B6EA7382AD3E66E0082344C /* PBXTargetDependency */ = {
			isa = PBXTargetDependency;
			target = 1B6EA71B2AD3E66C0082344C /* maiapp */;
			targetProxy = 1B6EA7372AD3E66E0082344C /* PBXContainerItemProxy */;
		};
/* End PBXTargetDependency section */

/* Begin XCBuildConfiguration section */
		1B6EA73E2AD3E66E0082344C /* Debug */ = {
			isa = XCBuildConfiguration;
			buildSettings = {
				ALWAYS_SEARCH_USER_PATHS = NO;
				ASSETCATALOG_COMPILER_GENERATE_SWIFT_ASSET_SYMBOL_EXTENSIONS = YES;
				CLANG_ANALYZER_NONNULL = YES;
				CLANG_ANALYZER_NUMBER_OBJECT_CONVERSION = YES_AGGRESSIVE;
				CLANG_CXX_LANGUAGE_STANDARD = "gnu++20";
				CLANG_ENABLE_MODULES = YES;
				CLANG_ENABLE_OBJC_ARC = YES;
				CLANG_ENABLE_OBJC_WEAK = YES;
				CLANG_WARN_BLOCK_CAPTURE_AUTORELEASING = YES;
				CLANG_WARN_BOOL_CONVERSION = YES;
				CLANG_WARN_COMMA = YES;
				CLANG_WARN_CONSTANT_CONVERSION = YES;
				CLANG_WARN_DEPRECATED_OBJC_IMPLEMENTATIONS = YES;
				CLANG_WARN_DIRECT_OBJC_ISA_USAGE = YES_ERROR;
				CLANG_WARN_DOCUMENTATION_COMMENTS = YES;
				CLANG_WARN_EMPTY_BODY = YES;
				CLANG_WARN_ENUM_CONVERSION = YES;
				CLANG_WARN_INFINITE_RECURSION = YES;
				CLANG_WARN_INT_CONVERSION = YES;
				CLANG_WARN_NON_LITERAL_NULL_CONVERSION = YES;
				CLANG_WARN_OBJC_IMPLICIT_RETAIN_SELF = YES;
				CLANG_WARN_OBJC_LITERAL_CONVERSION = YES;
				CLANG_WARN_OBJC_ROOT_CLASS = YES_ERROR;
				CLANG_WARN_QUOTED_INCLUDE_IN_FRAMEWORK_HEADER = YES;
				CLANG_WARN_RANGE_LOOP_ANALYSIS = YES;
				CLANG_WARN_STRICT_PROTOTYPES = YES;
				CLANG_WARN_SUSPICIOUS_MOVE = YES;
				CLANG_WARN_UNGUARDED_AVAILABILITY = YES_AGGRESSIVE;
				CLANG_WARN_UNREACHABLE_CODE = YES;
				CLANG_WARN__DUPLICATE_METHOD_MATCH = YES;
				COPY_PHASE_STRIP = NO;
				DEBUG_INFORMATION_FORMAT = dwarf;
				ENABLE_STRICT_OBJC_MSGSEND = YES;
				ENABLE_TESTABILITY = YES;
				ENABLE_USER_SCRIPT_SANDBOXING = YES;
				GCC_C_LANGUAGE_STANDARD = gnu17;
				GCC_DYNAMIC_NO_PIC = NO;
				GCC_NO_COMMON_BLOCKS = YES;
				GCC_OPTIMIZATION_LEVEL = 0;
				GCC_PREPROCESSOR_DEFINITIONS = (
					"DEBUG=1",
					"$(inherited)",
				);
				GCC_WARN_64_TO_32_BIT_CONVERSION = YES;
				GCC_WARN_ABOUT_RETURN_TYPE = YES_ERROR;
				GCC_WARN_UNDECLARED_SELECTOR = YES;
				GCC_WARN_UNINITIALIZED_AUTOS = YES_AGGRESSIVE;
				GCC_WARN_UNUSED_FUNCTION = YES;
				GCC_WARN_UNUSED_VARIABLE = YES;
				IPHONEOS_DEPLOYMENT_TARGET = 17.0;
				LOCALIZATION_PREFERS_STRING_CATALOGS = YES;
				MTL_ENABLE_DEBUG_INFO = INCLUDE_SOURCE;
				MTL_FAST_MATH = YES;
				ONLY_ACTIVE_ARCH = YES;
				SDKROOT = iphoneos;
				SWIFT_ACTIVE_COMPILATION_CONDITIONS = "DEBUG $(inherited)";
				SWIFT_OPTIMIZATION_LEVEL = "-Onone";
			};
			name = Debug;
		};
		1B6EA73F2AD3E66E0082344C /* Release */ = {
			isa = XCBuildConfiguration;
			buildSettings = {
				ALWAYS_SEARCH_USER_PATHS = NO;
				ASSETCATALOG_COMPILER_GENERATE_SWIFT_ASSET_SYMBOL_EXTENSIONS = YES;
				CLANG_ANALYZER_NONNULL = YES;
				CLANG_ANALYZER_NUMBER_OBJECT_CONVERSION = YES_AGGRESSIVE;
				CLANG_CXX_LANGUAGE_STANDARD = "gnu++20";
				CLANG_ENABLE_MODULES = YES;
				CLANG_ENABLE_OBJC_ARC = YES;
				CLANG_ENABLE_OBJC_WEAK = YES;
				CLANG_WARN_BLOCK_CAPTURE_AUTORELEASING = YES;
				CLANG_WARN_BOOL_CONVERSION = YES;
				CLANG_WARN_COMMA = YES;
				CLANG_WARN_CONSTANT_CONVERSION = YES;
				CLANG_WARN_DEPRECATED_OBJC_IMPLEMENTATIONS = YES;
				CLANG_WARN_DIRECT_OBJC_ISA_USAGE = YES_ERROR;
				CLANG_WARN_DOCUMENTATION_COMMENTS = YES;
				CLANG_WARN_EMPTY_BODY = YES;
				CLANG_WARN_ENUM_CONVERSION = YES;
				CLANG_WARN_INFINITE_RECURSION = YES;
				CLANG_WARN_INT_CONVERSION = YES;
				CLANG_WARN_NON_LITERAL_NULL_CONVERSION = YES;
				CLANG_WARN_OBJC_IMPLICIT_RETAIN_SELF = YES;
				CLANG_WARN_OBJC_LITERAL_CONVERSION = YES;
				CLANG_WARN_OBJC_ROOT_CLASS = YES_ERROR;
				CLANG_WARN_QUOTED_INCLUDE_IN_FRAMEWORK_HEADER = YES;
				CLANG_WARN_RANGE_LOOP_ANALYSIS = YES;
				CLANG_WARN_STRICT_PROTOTYPES = YES;
				CLANG_WARN_SUSPICIOUS_MOVE = YES;
				CLANG_WARN_UNGUARDED_AVAILABILITY = YES_AGGRESSIVE;
				CLANG_WARN_UNREACHABLE_CODE = YES;
				CLANG_WARN__DUPLICATE_METHOD_MATCH = YES;
				COPY_PHASE_STRIP = NO;
				DEBUG_INFORMATION_FORMAT = "dwarf-with-dsym";
				ENABLE_NS_ASSERTIONS = NO;
				ENABLE_STRICT_OBJC_MSGSEND = YES;
				ENABLE_USER_SCRIPT_SANDBOXING = YES;
				GCC_C_LANGUAGE_STANDARD = gnu17;
				GCC_NO_COMMON_BLOCKS = YES;
				GCC_WARN_64_TO_32_BIT_CONVERSION = YES;
				GCC_WARN_ABOUT_RETURN_TYPE = YES_ERROR;
				GCC_WARN_UNDECLARED_SELECTOR = YES;
				GCC_WARN_UNINITIALIZED_AUTOS = YES_AGGRESSIVE;
				GCC_WARN_UNUSED_FUNCTION = YES;
				GCC_WARN_UNUSED_VARIABLE = YES;
				IPHONEOS_DEPLOYMENT_TARGET = 17.0;
				LOCALIZATION_PREFERS_STRING_CATALOGS = YES;
				MTL_ENABLE_DEBUG_INFO = NO;
				MTL_FAST_MATH = YES;
				SDKROOT = iphoneos;
				SWIFT_COMPILATION_MODE = wholemodule;
				VALIDATE_PRODUCT = YES;
			};
			name = Release;
		};
		1B6EA7412AD3E66E0082344C /* Debug */ = {
			isa = XCBuildConfiguration;
			buildSettings = {
				ASSETCATALOG_COMPILER_APPICON_NAME = AppIcon;
				ASSETCATALOG_COMPILER_GLOBAL_ACCENT_COLOR_NAME = AccentColor;
				CODE_SIGN_STYLE = Automatic;
				CURRENT_PROJECT_VERSION = 1;
				DEVELOPMENT_ASSET_PATHS = "\"maiapp/Preview Content\"";
				DEVELOPMENT_TEAM = 27MU24BJL9;
				ENABLE_PREVIEWS = YES;
				GENERATE_INFOPLIST_FILE = YES;
				INFOPLIST_KEY_UIApplicationSceneManifest_Generation = YES;
				INFOPLIST_KEY_UIApplicationSupportsIndirectInputEvents = YES;
				INFOPLIST_KEY_UILaunchScreen_Generation = YES;
				INFOPLIST_KEY_UISupportedInterfaceOrientations_iPad = "UIInterfaceOrientationPortrait UIInterfaceOrientationPortraitUpsideDown UIInterfaceOrientationLandscapeLeft UIInterfaceOrientationLandscapeRight";
				INFOPLIST_KEY_UISupportedInterfaceOrientations_iPhone = "UIInterfaceOrientationPortrait UIInterfaceOrientationLandscapeLeft UIInterfaceOrientationLandscapeRight";
				LD_RUNPATH_SEARCH_PATHS = (
					"$(inherited)",
					"@executable_path/Frameworks",
				);
				MARKETING_VERSION = 1.0;
				PRODUCT_BUNDLE_IDENTIFIER = Msrd.maiapp;
				PRODUCT_NAME = "$(TARGET_NAME)";
				SWIFT_EMIT_LOC_STRINGS = YES;
				SWIFT_VERSION = 5.0;
				TARGETED_DEVICE_FAMILY = "1,2";
			};
			name = Debug;
		};
		1B6EA7422AD3E66E0082344C /* Release */ = {
			isa = XCBuildConfiguration;
			buildSettings = {
				ASSETCATALOG_COMPILER_APPICON_NAME = AppIcon;
				ASSETCATALOG_COMPILER_GLOBAL_ACCENT_COLOR_NAME = AccentColor;
				CODE_SIGN_STYLE = Automatic;
				CURRENT_PROJECT_VERSION = 1;
				DEVELOPMENT_ASSET_PATHS = "\"maiapp/Preview Content\"";
				DEVELOPMENT_TEAM = 27MU24BJL9;
				ENABLE_PREVIEWS = YES;
				GENERATE_INFOPLIST_FILE = YES;
				INFOPLIST_KEY_UIApplicationSceneManifest_Generation = YES;
				INFOPLIST_KEY_UIApplicationSupportsIndirectInputEvents = YES;
				INFOPLIST_KEY_UILaunchScreen_Generation = YES;
				INFOPLIST_KEY_UISupportedInterfaceOrientations_iPad = "UIInterfaceOrientationPortrait UIInterfaceOrientationPortraitUpsideDown UIInterfaceOrientationLandscapeLeft UIInterfaceOrientationLandscapeRight";
				INFOPLIST_KEY_UISupportedInterfaceOrientations_iPhone = "UIInterfaceOrientationPortrait UIInterfaceOrientationLandscapeLeft UIInterfaceOrientationLandscapeRight";
				LD_RUNPATH_SEARCH_PATHS = (
					"$(inherited)",
					"@executable_path/Frameworks",
				);
				MARKETING_VERSION = 1.0;
				PRODUCT_BUNDLE_IDENTIFIER = Msrd.maiapp;
				PRODUCT_NAME = "$(TARGET_NAME)";
				SWIFT_EMIT_LOC_STRINGS = YES;
				SWIFT_VERSION = 5.0;
				TARGETED_DEVICE_FAMILY = "1,2";
			};
			name = Release;
		};
		1B6EA7442AD3E66E0082344C /* Debug */ = {
			isa = XCBuildConfiguration;
			buildSettings = {
				ALWAYS_EMBED_SWIFT_STANDARD_LIBRARIES = YES;
				BUNDLE_LOADER = "$(TEST_HOST)";
				CODE_SIGN_STYLE = Automatic;
				CURRENT_PROJECT_VERSION = 1;
				DEVELOPMENT_TEAM = 27MU24BJL9;
				GENERATE_INFOPLIST_FILE = YES;
				IPHONEOS_DEPLOYMENT_TARGET = 17.0;
				MARKETING_VERSION = 1.0;
				PRODUCT_BUNDLE_IDENTIFIER = Msrd.maiappTests;
				PRODUCT_NAME = "$(TARGET_NAME)";
				SWIFT_EMIT_LOC_STRINGS = NO;
				SWIFT_VERSION = 5.0;
				TARGETED_DEVICE_FAMILY = "1,2";
				TEST_HOST = "$(BUILT_PRODUCTS_DIR)/maiapp.app/$(BUNDLE_EXECUTABLE_FOLDER_PATH)/maiapp";
			};
			name = Debug;
		};
		1B6EA7452AD3E66E0082344C /* Release */ = {
			isa = XCBuildConfiguration;
			buildSettings = {
				ALWAYS_EMBED_SWIFT_STANDARD_LIBRARIES = YES;
				BUNDLE_LOADER = "$(TEST_HOST)";
				CODE_SIGN_STYLE = Automatic;
				CURRENT_PROJECT_VERSION = 1;
				DEVELOPMENT_TEAM = 27MU24BJL9;
				GENERATE_INFOPLIST_FILE = YES;
				IPHONEOS_DEPLOYMENT_TARGET = 17.0;
				MARKETING_VERSION = 1.0;
				PRODUCT_BUNDLE_IDENTIFIER = Msrd.maiappTests;
				PRODUCT_NAME = "$(TARGET_NAME)";
				SWIFT_EMIT_LOC_STRINGS = NO;
				SWIFT_VERSION = 5.0;
				TARGETED_DEVICE_FAMILY = "1,2";
				TEST_HOST = "$(BUILT_PRODUCTS_DIR)/maiapp.app/$(BUNDLE_EXECUTABLE_FOLDER_PATH)/maiapp";
			};
			name = Release;
		};
		1B6EA7472AD3E66E0082344C /* Debug */ = {
			isa = XCBuildConfiguration;
			buildSettings = {
				ALWAYS_EMBED_SWIFT_STANDARD_LIBRARIES = YES;
				CODE_SIGN_STYLE = Automatic;
				CURRENT_PROJECT_VERSION = 1;
				DEVELOPMENT_TEAM = 27MU24BJL9;
				GENERATE_INFOPLIST_FILE = YES;
				MARKETING_VERSION = 1.0;
				PRODUCT_BUNDLE_IDENTIFIER = Msrd.maiappUITests;
				PRODUCT_NAME = "$(TARGET_NAME)";
				SWIFT_EMIT_LOC_STRINGS = NO;
				SWIFT_VERSION = 5.0;
				TARGETED_DEVICE_FAMILY = "1,2";
				TEST_TARGET_NAME = maiapp;
			};
			name = Debug;
		};
		1B6EA7482AD3E66E0082344C /* Release */ = {
			isa = XCBuildConfiguration;
			buildSettings = {
				ALWAYS_EMBED_SWIFT_STANDARD_LIBRARIES = YES;
				CODE_SIGN_STYLE = Automatic;
				CURRENT_PROJECT_VERSION = 1;
				DEVELOPMENT_TEAM = 27MU24BJL9;
				GENERATE_INFOPLIST_FILE = YES;
				MARKETING_VERSION = 1.0;
				PRODUCT_BUNDLE_IDENTIFIER = Msrd.maiappUITests;
				PRODUCT_NAME = "$(TARGET_NAME)";
				SWIFT_EMIT_LOC_STRINGS = NO;
				SWIFT_VERSION = 5.0;
				TARGETED_DEVICE_FAMILY = "1,2";
				TEST_TARGET_NAME = maiapp;
			};
			name = Release;
		};
/* End XCBuildConfiguration section */

/* Begin XCConfigurationList section */
		1B6EA7172AD3E66C0082344C /* Build configuration list for PBXProject "maiapp" */ = {
			isa = XCConfigurationList;
			buildConfigurations = (
				1B6EA73E2AD3E66E0082344C /* Debug */,
				1B6EA73F2AD3E66E0082344C /* Release */,
			);
			defaultConfigurationIsVisible = 0;
			defaultConfigurationName = Release;
		};
		1B6EA7402AD3E66E0082344C /* Build configuration list for PBXNativeTarget "maiapp" */ = {
			isa = XCConfigurationList;
			buildConfigurations = (
				1B6EA7412AD3E66E0082344C /* Debug */,
				1B6EA7422AD3E66E0082344C /* Release */,
			);
			defaultConfigurationIsVisible = 0;
			defaultConfigurationName = Release;
		};
		1B6EA7432AD3E66E0082344C /* Build configuration list for PBXNativeTarget "maiappTests" */ = {
			isa = XCConfigurationList;
			buildConfigurations = (
				1B6EA7442AD3E66E0082344C /* Debug */,
				1B6EA7452AD3E66E0082344C /* Release */,
			);
			defaultConfigurationIsVisible = 0;
			defaultConfigurationName = Release;
		};
		1B6EA7462AD3E66E0082344C /* Build configuration list for PBXNativeTarget "maiappUITests" */ = {
			isa = XCConfigurationList;
			buildConfigurations = (
				1B6EA7472AD3E66E0082344C /* Debug */,
				1B6EA7482AD3E66E0082344C /* Release */,
			);
			defaultConfigurationIsVisible = 0;
			defaultConfigurationName = Release;
		};
/* End XCConfigurationList section */
	};
	rootObject = 1B6EA7142AD3E66C0082344C /* Project object */;
}
